
Microsoft Visual Studio Solution File, Format Version 12.00
# Visual Studio Version 16
VisualStudioVersion = 16.0.29519.87
MinimumVisualStudioVersion = 10.0.40219.1
Project("{FAE04EC0-301F-11D3-BF4B-00C04F79EFBC}") = "leccionparcial2", "leccionparcial2\leccionparcial2.csproj", "{03839AC5-C9CC-413D-B3B6-A3817C4C24A2}"
EndProject
Global
	GlobalSection(SolutionConfigurationPlatforms) = preSolution
		Debug|Any CPU = Debug|Any CPU
		Release|Any CPU = Release|Any CPU
	EndGlobalSection
	GlobalSection(ProjectConfigurationPlatforms) = postSolution
		{03839AC5-C9CC-413D-B3B6-A3817C4C24A2}.Debug|Any CPU.ActiveCfg = Debug|Any CPU
		{03839AC5-C9CC-413D-B3B6-A3817C4C24A2}.Debug|Any CPU.Build.0 = Debug|Any CPU
		{03839AC5-C9CC-413D-B3B6-A3817C4C24A2}.Release|Any CPU.ActiveCfg = Release|Any CPU
		{03839AC5-C9CC-413D-B3B6-A3817C4C24A2}.Release|Any CPU.Build.0 = Release|Any CPU
	EndGlobalSection
	GlobalSection(SolutionProperties) = preSolution
		HideSolutionNode = FALSE
	EndGlobalSection
	GlobalSection(ExtensibilityGlobals) = postSolution
		SolutionGuid = {EE94CDA3-2EF0-47E1-893E-00FE67CA0191}
	EndGlobalSection
EndGlobal
